
Microsoft Visual Studio Solution File, Format Version 12.00
# Visual Studio Version 17
VisualStudioVersion = 17.8.34408.163
MinimumVisualStudioVersion = 10.0.40219.1
Project("{2150E333-8FDC-42A3-9474-1A3956D46DE8}") = "Services", "Services", "{B5BFF034-CA54-427C-B7CE-9C0BB65C5A0D}"
EndProject
Project("{2150E333-8FDC-42A3-9474-1A3956D46DE8}") = "Catalog", "Catalog", "{5C4D4D4E-3B6C-4B12-BC95-AF41C8FF3EEC}"
EndProject
Project("{9A19103F-16F7-4668-BE54-9A1E7A4F7556}") = "Catalog.API", "Services\Catalog\Catalog.API\Catalog.API.csproj", "{B39E950B-EDA6-4D94-85F5-93ED1FD03CF1}"
EndProject
Project("{2150E333-8FDC-42A3-9474-1A3956D46DE8}") = "BuildingBlocks", "BuildingBlocks", "{0CB8C063-EE8E-46F7-B20B-A68C529DEF82}"
EndProject
Project("{9A19103F-16F7-4668-BE54-9A1E7A4F7556}") = "BuildingBlocks", "BuildingBlocks\BuildingBlocks\BuildingBlocks.csproj", "{BDC2CC46-602A-4FC3-AF32-C13E632EC174}"
EndProject
Project("{E53339B2-1760-4266-BCC7-CA923CBCF16C}") = "docker-compose", "docker-compose.dcproj", "{6DCBEC70-4866-4297-9AD0-73928CCFA987}"
EndProject
Project("{2150E333-8FDC-42A3-9474-1A3956D46DE8}") = "Basket", "Basket", "{A067C785-233F-4139-8B82-A8989520FBEB}"
EndProject
Project("{9A19103F-16F7-4668-BE54-9A1E7A4F7556}") = "Basket.API", "Services\Basket\Basket.API\Basket.API.csproj", "{439ADDA5-EA6B-4B30-BD7B-3E2000D33CE5}"
EndProject
Project("{2150E333-8FDC-42A3-9474-1A3956D46DE8}") = "Discount", "Discount", "{B8CA487F-7433-4500-9222-E8EBA01CAB25}"
EndProject
Project("{9A19103F-16F7-4668-BE54-9A1E7A4F7556}") = "Discount.Grpc", "Services\Discount\Discount.Grpc\Discount.Grpc.csproj", "{F7A2DA6F-FB97-48D0-8AC8-DCE393FFC038}"
EndProject
Project("{2150E333-8FDC-42A3-9474-1A3956D46DE8}") = "Ordering", "Ordering", "{D8D87CF4-76A3-4A35-A68A-3189BF3AF52D}"
EndProject
Project("{9A19103F-16F7-4668-BE54-9A1E7A4F7556}") = "Ordering.API", "Services\Ordering\Ordering.API\Ordering.API.csproj", "{ACCBA8F1-B9A1-4BD1-A4B2-474276B3DC47}"
EndProject
Project("{FAE04EC0-301F-11D3-BF4B-00C04F79EFBC}") = "Ordering.Domain", "Services\Ordering\Ordering.Domain\Ordering.Domain.csproj", "{AAC4772F-0799-4A5D-ADB9-84B37190C57E}"
EndProject
Project("{FAE04EC0-301F-11D3-BF4B-00C04F79EFBC}") = "Ordering.Application", "Services\Ordering\Ordering.Application\Ordering.Application.csproj", "{7B0700E9-6982-4250-B17F-547B3128E840}"
EndProject
Project("{FAE04EC0-301F-11D3-BF4B-00C04F79EFBC}") = "Ordering.Infrastructure", "Services\Ordering\Ordering.Infrastructure\Ordering.Infrastructure.csproj", "{EDF38514-C569-4253-8916-C5FAF73DC4A4}"
EndProject
Global
	GlobalSection(SolutionConfigurationPlatforms) = preSolution
		Debug|Any CPU = Debug|Any CPU
		Release|Any CPU = Release|Any CPU
	EndGlobalSection
	GlobalSection(ProjectConfigurationPlatforms) = postSolution
		{B39E950B-EDA6-4D94-85F5-93ED1FD03CF1}.Debug|Any CPU.ActiveCfg = Debug|Any CPU
		{B39E950B-EDA6-4D94-85F5-93ED1FD03CF1}.Debug|Any CPU.Build.0 = Debug|Any CPU
		{B39E950B-EDA6-4D94-85F5-93ED1FD03CF1}.Release|Any CPU.ActiveCfg = Release|Any CPU
		{B39E950B-EDA6-4D94-85F5-93ED1FD03CF1}.Release|Any CPU.Build.0 = Release|Any CPU
		{BDC2CC46-602A-4FC3-AF32-C13E632EC174}.Debug|Any CPU.ActiveCfg = Debug|Any CPU
		{BDC2CC46-602A-4FC3-AF32-C13E632EC174}.Debug|Any CPU.Build.0 = Debug|Any CPU
		{BDC2CC46-602A-4FC3-AF32-C13E632EC174}.Release|Any CPU.ActiveCfg = Release|Any CPU
		{BDC2CC46-602A-4FC3-AF32-C13E632EC174}.Release|Any CPU.Build.0 = Release|Any CPU
		{6DCBEC70-4866-4297-9AD0-73928CCFA987}.Debug|Any CPU.ActiveCfg = Debug|Any CPU
		{6DCBEC70-4866-4297-9AD0-73928CCFA987}.Debug|Any CPU.Build.0 = Debug|Any CPU
		{6DCBEC70-4866-4297-9AD0-73928CCFA987}.Release|Any CPU.ActiveCfg = Release|Any CPU
		{6DCBEC70-4866-4297-9AD0-73928CCFA987}.Release|Any CPU.Build.0 = Release|Any CPU
		{439ADDA5-EA6B-4B30-BD7B-3E2000D33CE5}.Debug|Any CPU.ActiveCfg = Debug|Any CPU
		{439ADDA5-EA6B-4B30-BD7B-3E2000D33CE5}.Debug|Any CPU.Build.0 = Debug|Any CPU
		{439ADDA5-EA6B-4B30-BD7B-3E2000D33CE5}.Release|Any CPU.ActiveCfg = Release|Any CPU
		{439ADDA5-EA6B-4B30-BD7B-3E2000D33CE5}.Release|Any CPU.Build.0 = Release|Any CPU
		{F7A2DA6F-FB97-48D0-8AC8-DCE393FFC038}.Debug|Any CPU.ActiveCfg = Debug|Any CPU
		{F7A2DA6F-FB97-48D0-8AC8-DCE393FFC038}.Debug|Any CPU.Build.0 = Debug|Any CPU
		{F7A2DA6F-FB97-48D0-8AC8-DCE393FFC038}.Release|Any CPU.ActiveCfg = Release|Any CPU
		{F7A2DA6F-FB97-48D0-8AC8-DCE393FFC038}.Release|Any CPU.Build.0 = Release|Any CPU
		{ACCBA8F1-B9A1-4BD1-A4B2-474276B3DC47}.Debug|Any CPU.ActiveCfg = Debug|Any CPU
		{ACCBA8F1-B9A1-4BD1-A4B2-474276B3DC47}.Debug|Any CPU.Build.0 = Debug|Any CPU
		{ACCBA8F1-B9A1-4BD1-A4B2-474276B3DC47}.Release|Any CPU.ActiveCfg = Release|Any CPU
		{ACCBA8F1-B9A1-4BD1-A4B2-474276B3DC47}.Release|Any CPU.Build.0 = Release|Any CPU
		{AAC4772F-0799-4A5D-ADB9-84B37190C57E}.Debug|Any CPU.ActiveCfg = Debug|Any CPU
		{AAC4772F-0799-4A5D-ADB9-84B37190C57E}.Debug|Any CPU.Build.0 = Debug|Any CPU
		{AAC4772F-0799-4A5D-ADB9-84B37190C57E}.Release|Any CPU.ActiveCfg = Release|Any CPU
		{AAC4772F-0799-4A5D-ADB9-84B37190C57E}.Release|Any CPU.Build.0 = Release|Any CPU
		{7B0700E9-6982-4250-B17F-547B3128E840}.Debug|Any CPU.ActiveCfg = Debug|Any CPU
		{7B0700E9-6982-4250-B17F-547B3128E840}.Debug|Any CPU.Build.0 = Debug|Any CPU
		{7B0700E9-6982-4250-B17F-547B3128E840}.Release|Any CPU.ActiveCfg = Release|Any CPU
		{7B0700E9-6982-4250-B17F-547B3128E840}.Release|Any CPU.Build.0 = Release|Any CPU
		{EDF38514-C569-4253-8916-C5FAF73DC4A4}.Debug|Any CPU.ActiveCfg = Debug|Any CPU
		{EDF38514-C569-4253-8916-C5FAF73DC4A4}.Debug|Any CPU.Build.0 = Debug|Any CPU
		{EDF38514-C569-4253-8916-C5FAF73DC4A4}.Release|Any CPU.ActiveCfg = Release|Any CPU
		{EDF38514-C569-4253-8916-C5FAF73DC4A4}.Release|Any CPU.Build.0 = Release|Any CPU
	EndGlobalSection
	GlobalSection(SolutionProperties) = preSolution
		HideSolutionNode = FALSE
	EndGlobalSection
	GlobalSection(NestedProjects) = preSolution
		{5C4D4D4E-3B6C-4B12-BC95-AF41C8FF3EEC} = {B5BFF034-CA54-427C-B7CE-9C0BB65C5A0D}
		{B39E950B-EDA6-4D94-85F5-93ED1FD03CF1} = {5C4D4D4E-3B6C-4B12-BC95-AF41C8FF3EEC}
		{BDC2CC46-602A-4FC3-AF32-C13E632EC174} = {0CB8C063-EE8E-46F7-B20B-A68C529DEF82}
		{A067C785-233F-4139-8B82-A8989520FBEB} = {B5BFF034-CA54-427C-B7CE-9C0BB65C5A0D}
		{439ADDA5-EA6B-4B30-BD7B-3E2000D33CE5} = {A067C785-233F-4139-8B82-A8989520FBEB}
		{B8CA487F-7433-4500-9222-E8EBA01CAB25} = {B5BFF034-CA54-427C-B7CE-9C0BB65C5A0D}
		{F7A2DA6F-FB97-48D0-8AC8-DCE393FFC038} = {B8CA487F-7433-4500-9222-E8EBA01CAB25}
		{D8D87CF4-76A3-4A35-A68A-3189BF3AF52D} = {B5BFF034-CA54-427C-B7CE-9C0BB65C5A0D}
		{ACCBA8F1-B9A1-4BD1-A4B2-474276B3DC47} = {D8D87CF4-76A3-4A35-A68A-3189BF3AF52D}
		{AAC4772F-0799-4A5D-ADB9-84B37190C57E} = {D8D87CF4-76A3-4A35-A68A-3189BF3AF52D}
		{7B0700E9-6982-4250-B17F-547B3128E840} = {D8D87CF4-76A3-4A35-A68A-3189BF3AF52D}
		{EDF38514-C569-4253-8916-C5FAF73DC4A4} = {D8D87CF4-76A3-4A35-A68A-3189BF3AF52D}
	EndGlobalSection
	GlobalSection(ExtensibilityGlobals) = postSolution
		SolutionGuid = {C4C1ECE9-A4AD-4FED-B0FC-7EA1636ACABF}
	EndGlobalSection
EndGlobal
